
Microsoft Visual Studio Solution File, Format Version 12.00
# Visual Studio Version 17
VisualStudioVersion = 17.5.002.0
MinimumVisualStudioVersion = 10.0.40219.1
Project("{9A19103F-16F7-4668-BE54-9A1E7A4F7556}") = "NewApp", "NewApp.csproj", "{282965B9-C0BF-4D44-867E-6396791F2AA4}"
EndProject
Global
	GlobalSection(SolutionConfigurationPlatforms) = preSolution
		Debug|Any CPU = Debug|Any CPU
		Release|Any CPU = Release|Any CPU
	EndGlobalSection
	GlobalSection(ProjectConfigurationPlatforms) = postSolution
		{282965B9-C0BF-4D44-867E-6396791F2AA4}.Debug|Any CPU.ActiveCfg = Debug|Any CPU
		{282965B9-C0BF-4D44-867E-6396791F2AA4}.Debug|Any CPU.Build.0 = Debug|Any CPU
		{282965B9-C0BF-4D44-867E-6396791F2AA4}.Release|Any CPU.ActiveCfg = Release|Any CPU
		{282965B9-C0BF-4D44-867E-6396791F2AA4}.Release|Any CPU.Build.0 = Release|Any CPU
	EndGlobalSection
	GlobalSection(SolutionProperties) = preSolution
		HideSolutionNode = FALSE
	EndGlobalSection
	GlobalSection(ExtensibilityGlobals) = postSolution
		SolutionGuid = {7EE71713-B9E1-4984-B29F-A61B065F0F49}
	EndGlobalSection
EndGlobal
